
Microsoft Visual Studio Solution File, Format Version 12.00
# Visual Studio Version 17
VisualStudioVersion = 17.11.35222.181
MinimumVisualStudioVersion = 10.0.40219.1
Project("{FAE04EC0-301F-11D3-BF4B-00C04F79EFBC}") = "WPF_Brickstore", "WPF_Brickstore.csproj", "{C32195F7-2581-4BCF-82D4-CF925B29EF7D}"
EndProject
Global
	GlobalSection(SolutionConfigurationPlatforms) = preSolution
		Debug|Any CPU = Debug|Any CPU
		Release|Any CPU = Release|Any CPU
	EndGlobalSection
	GlobalSection(ProjectConfigurationPlatforms) = postSolution
		{C32195F7-2581-4BCF-82D4-CF925B29EF7D}.Debug|Any CPU.ActiveCfg = Debug|Any CPU
		{C32195F7-2581-4BCF-82D4-CF925B29EF7D}.Debug|Any CPU.Build.0 = Debug|Any CPU
		{C32195F7-2581-4BCF-82D4-CF925B29EF7D}.Release|Any CPU.ActiveCfg = Release|Any CPU
		{C32195F7-2581-4BCF-82D4-CF925B29EF7D}.Release|Any CPU.Build.0 = Release|Any CPU
	EndGlobalSection
	GlobalSection(SolutionProperties) = preSolution
		HideSolutionNode = FALSE
	EndGlobalSection
	GlobalSection(ExtensibilityGlobals) = postSolution
		SolutionGuid = {48E53D3B-D216-42A4-95B6-CA44F5BF3766}
	EndGlobalSection
EndGlobal
